
Microsoft Visual Studio Solution File, Format Version 12.00
# Visual Studio Version 17
VisualStudioVersion = 17.11.35327.3
MinimumVisualStudioVersion = 10.0.40219.1
Project("{FAE04EC0-301F-11D3-BF4B-00C04F79EFBC}") = "hiddenShares", "hiddenShares.csproj", "{31044F5F-DD63-415E-AAC7-75F1E19D78DB}"
EndProject
Global
	GlobalSection(SolutionConfigurationPlatforms) = preSolution
		Debug|Any CPU = Debug|Any CPU
		Release|Any CPU = Release|Any CPU
	EndGlobalSection
	GlobalSection(ProjectConfigurationPlatforms) = postSolution
		{31044F5F-DD63-415E-AAC7-75F1E19D78DB}.Debug|Any CPU.ActiveCfg = Debug|Any CPU
		{31044F5F-DD63-415E-AAC7-75F1E19D78DB}.Debug|Any CPU.Build.0 = Debug|Any CPU
		{31044F5F-DD63-415E-AAC7-75F1E19D78DB}.Release|Any CPU.ActiveCfg = Release|Any CPU
		{31044F5F-DD63-415E-AAC7-75F1E19D78DB}.Release|Any CPU.Build.0 = Release|Any CPU
	EndGlobalSection
	GlobalSection(SolutionProperties) = preSolution
		HideSolutionNode = FALSE
	EndGlobalSection
	GlobalSection(ExtensibilityGlobals) = postSolution
		SolutionGuid = {74F05170-1FE4-41FD-B829-CA94F00D017C}
	EndGlobalSection
EndGlobal
